
Microsoft Visual Studio Solution File, Format Version 12.00
# Visual Studio Version 17
VisualStudioVersion = 17.12.35527.113 d17.12
MinimumVisualStudioVersion = 10.0.40219.1
Project("{FAE04EC0-301F-11D3-BF4B-00C04F79EFBC}") = "C43-G05-OOP05", "C43-G05-OOP05\C43-G05-OOP05.csproj", "{304A5412-1B17-4418-A8D2-DA58C1C3C9E4}"
EndProject
Global
	GlobalSection(SolutionConfigurationPlatforms) = preSolution
		Debug|Any CPU = Debug|Any CPU
		Release|Any CPU = Release|Any CPU
	EndGlobalSection
	GlobalSection(ProjectConfigurationPlatforms) = postSolution
		{304A5412-1B17-4418-A8D2-DA58C1C3C9E4}.Debug|Any CPU.ActiveCfg = Debug|Any CPU
		{304A5412-1B17-4418-A8D2-DA58C1C3C9E4}.Debug|Any CPU.Build.0 = Debug|Any CPU
		{304A5412-1B17-4418-A8D2-DA58C1C3C9E4}.Release|Any CPU.ActiveCfg = Release|Any CPU
		{304A5412-1B17-4418-A8D2-DA58C1C3C9E4}.Release|Any CPU.Build.0 = Release|Any CPU
	EndGlobalSection
	GlobalSection(SolutionProperties) = preSolution
		HideSolutionNode = FALSE
	EndGlobalSection
EndGlobal
